Microsoft Visual Studio Solution File, Format Version 11.00
# Visual Studio 2008

Project("{EF7DA94E-6F15-DB51-436D-743C9925B313}") = "Simple Projects", "Assembly-CSharp-firstpass.csproj", "{7862703B-01B3-79EB-6352-7F1C85EBB003}"
EndProject
Project("{EF7DA94E-6F15-DB51-436D-743C9925B313}") = "Simple Projects", "Assembly-CSharp.csproj", "{144565B1-C70A-BBC1-6532-A2F6A6E0ED3E}"
EndProject
Project("{EF7DA94E-6F15-DB51-436D-743C9925B313}") = "Simple Projects", "Assembly-CSharp-Editor.csproj", "{9942808F-DEB7-D80B-487E-FB888B3AFE28}"
EndProject
Project("{EF7DA94E-6F15-DB51-436D-743C9925B313}") = "Simple Projects", "Assembly-Boo-Editor.booproj", "{C8D0495B-AE74-3575-591B-C43BE6872408}"
EndProject
Project("{EF7DA94E-6F15-DB51-436D-743C9925B313}") = "Simple Projects", "Assembly-UnityScript-firstpass.unityproj", "{380148E0-5087-1346-7766-8EE1D205D7F3}"
EndProject
Project("{EF7DA94E-6F15-DB51-436D-743C9925B313}") = "Simple Projects", "Assembly-UnityScript-Editor.unityproj", "{56DD6939-9E59-4F2C-D492-1AE7ECC9DF76}"
EndProject
Global
	GlobalSection(SolutionConfigurationPlatforms) = preSolution
		Debug|Any CPU = Debug|Any CPU
		Release|Any CPU = Release|Any CPU
	EndGlobalSection
	GlobalSection(ProjectConfigurationPlatforms) = postSolution
		{7862703B-01B3-79EB-6352-7F1C85EBB003}.Debug|Any CPU.ActiveCfg = Debug|Any CPU
		{7862703B-01B3-79EB-6352-7F1C85EBB003}.Debug|Any CPU.Build.0 = Debug|Any CPU
		{7862703B-01B3-79EB-6352-7F1C85EBB003}.Release|Any CPU.ActiveCfg = Release|Any CPU
		{7862703B-01B3-79EB-6352-7F1C85EBB003}.Release|Any CPU.Build.0 = Release|Any CPU
		{144565B1-C70A-BBC1-6532-A2F6A6E0ED3E}.Debug|Any CPU.ActiveCfg = Debug|Any CPU
		{144565B1-C70A-BBC1-6532-A2F6A6E0ED3E}.Debug|Any CPU.Build.0 = Debug|Any CPU
		{144565B1-C70A-BBC1-6532-A2F6A6E0ED3E}.Release|Any CPU.ActiveCfg = Release|Any CPU
		{144565B1-C70A-BBC1-6532-A2F6A6E0ED3E}.Release|Any CPU.Build.0 = Release|Any CPU
		{9942808F-DEB7-D80B-487E-FB888B3AFE28}.Debug|Any CPU.ActiveCfg = Debug|Any CPU
		{9942808F-DEB7-D80B-487E-FB888B3AFE28}.Debug|Any CPU.Build.0 = Debug|Any CPU
		{9942808F-DEB7-D80B-487E-FB888B3AFE28}.Release|Any CPU.ActiveCfg = Release|Any CPU
		{9942808F-DEB7-D80B-487E-FB888B3AFE28}.Release|Any CPU.Build.0 = Release|Any CPU
		{C8D0495B-AE74-3575-591B-C43BE6872408}.Debug|Any CPU.ActiveCfg = Debug|Any CPU
		{C8D0495B-AE74-3575-591B-C43BE6872408}.Debug|Any CPU.Build.0 = Debug|Any CPU
		{C8D0495B-AE74-3575-591B-C43BE6872408}.Release|Any CPU.ActiveCfg = Release|Any CPU
		{C8D0495B-AE74-3575-591B-C43BE6872408}.Release|Any CPU.Build.0 = Release|Any CPU
		{380148E0-5087-1346-7766-8EE1D205D7F3}.Debug|Any CPU.ActiveCfg = Debug|Any CPU
		{380148E0-5087-1346-7766-8EE1D205D7F3}.Debug|Any CPU.Build.0 = Debug|Any CPU
		{380148E0-5087-1346-7766-8EE1D205D7F3}.Release|Any CPU.ActiveCfg = Release|Any CPU
		{380148E0-5087-1346-7766-8EE1D205D7F3}.Release|Any CPU.Build.0 = Release|Any CPU
		{56DD6939-9E59-4F2C-D492-1AE7ECC9DF76}.Debug|Any CPU.ActiveCfg = Debug|Any CPU
		{56DD6939-9E59-4F2C-D492-1AE7ECC9DF76}.Debug|Any CPU.Build.0 = Debug|Any CPU
		{56DD6939-9E59-4F2C-D492-1AE7ECC9DF76}.Release|Any CPU.ActiveCfg = Release|Any CPU
		{56DD6939-9E59-4F2C-D492-1AE7ECC9DF76}.Release|Any CPU.Build.0 = Release|Any CPU
	EndGlobalSection
	GlobalSection(SolutionProperties) = preSolution
		HideSolutionNode = FALSE
	EndGlobalSection
																																	GlobalSection(MonoDevelopProperties) = preSolution
		StartupItem = Assembly-CSharp.csproj
		Policies = $0
		$0.TextStylePolicy = $1
		$1.inheritsSet = null
		$1.scope = text/x-csharp
		$0.CSharpFormattingPolicy = $2
		$2.inheritsSet = Mono
		$2.inheritsScope = text/x-csharp
		$2.scope = text/x-csharp
		$0.TextStylePolicy = $3
		$3.FileWidth = 120
		$3.TabWidth = 4
		$3.EolMarker = Unix
		$3.inheritsSet = Mono
		$3.inheritsScope = text/plain
		$3.scope = text/plain
	EndGlobalSection

EndGlobal
