Microsoft Visual Studio Solution File, Format Version 11.00
# Visual Studio 2008

Project("{9E568BFE-1B39-3A62-E2E9-78A61734E299}") = "Simple Projects 3-2014.11.15", "Assembly-CSharp-firstpass-vs.csproj", "{B94D048A-C192-1EDD-3089-74DF46682F5F}"
EndProject
Project("{9E568BFE-1B39-3A62-E2E9-78A61734E299}") = "Simple Projects 3-2014.11.15", "Assembly-CSharp-vs.csproj", "{9BDDF8C7-36A8-97AE-DE52-03C044E4B191}"
EndProject
Project("{9E568BFE-1B39-3A62-E2E9-78A61734E299}") = "Simple Projects 3-2014.11.15", "Assembly-CSharp-Editor-vs.csproj", "{5473F9EB-4C10-8499-B0A6-C841BC4B288A}"
EndProject
Global
	GlobalSection(SolutionConfigurationPlatforms) = preSolution
		Debug|Any CPU = Debug|Any CPU
		Release|Any CPU = Release|Any CPU
	EndGlobalSection
	GlobalSection(ProjectConfigurationPlatforms) = postSolution
		{B94D048A-C192-1EDD-3089-74DF46682F5F}.Debug|Any CPU.ActiveCfg = Debug|Any CPU
		{B94D048A-C192-1EDD-3089-74DF46682F5F}.Debug|Any CPU.Build.0 = Debug|Any CPU
		{B94D048A-C192-1EDD-3089-74DF46682F5F}.Release|Any CPU.ActiveCfg = Release|Any CPU
		{B94D048A-C192-1EDD-3089-74DF46682F5F}.Release|Any CPU.Build.0 = Release|Any CPU
		{9BDDF8C7-36A8-97AE-DE52-03C044E4B191}.Debug|Any CPU.ActiveCfg = Debug|Any CPU
		{9BDDF8C7-36A8-97AE-DE52-03C044E4B191}.Debug|Any CPU.Build.0 = Debug|Any CPU
		{9BDDF8C7-36A8-97AE-DE52-03C044E4B191}.Release|Any CPU.ActiveCfg = Release|Any CPU
		{9BDDF8C7-36A8-97AE-DE52-03C044E4B191}.Release|Any CPU.Build.0 = Release|Any CPU
		{5473F9EB-4C10-8499-B0A6-C841BC4B288A}.Debug|Any CPU.ActiveCfg = Debug|Any CPU
		{5473F9EB-4C10-8499-B0A6-C841BC4B288A}.Debug|Any CPU.Build.0 = Debug|Any CPU
		{5473F9EB-4C10-8499-B0A6-C841BC4B288A}.Release|Any CPU.ActiveCfg = Release|Any CPU
		{5473F9EB-4C10-8499-B0A6-C841BC4B288A}.Release|Any CPU.Build.0 = Release|Any CPU
	EndGlobalSection
	GlobalSection(SolutionProperties) = preSolution
		HideSolutionNode = FALSE
	EndGlobalSection
						GlobalSection(MonoDevelopProperties) = preSolution
		StartupItem = Assembly-CSharp.csproj
		Policies = $0
		$0.TextStylePolicy = $1
		$1.inheritsSet = null
		$1.scope = text/x-csharp
		$0.CSharpFormattingPolicy = $2
		$2.inheritsSet = Mono
		$2.inheritsScope = text/x-csharp
		$2.scope = text/x-csharp
		$0.TextStylePolicy = $3
		$3.FileWidth = 120
		$3.TabWidth = 4
		$3.EolMarker = Unix
		$3.inheritsSet = Mono
		$3.inheritsScope = text/plain
		$3.scope = text/plain
	EndGlobalSection

EndGlobal
