Microsoft Visual Studio Solution File, Format Version 11.00
# Visual Studio 2008

Project("{1C4A1FAD-C796-3B7E-C811-8C47DCBB7DE6}") = "Starshooter 1.3 12-30-2014", "Assembly-CSharp-firstpass.csproj", "{71C0AB6C-1DAD-12A9-CCC5-0FCE84E19787}"
EndProject
Project("{1C4A1FAD-C796-3B7E-C811-8C47DCBB7DE6}") = "Starshooter 1.3 12-30-2014", "Assembly-CSharp.csproj", "{87DC3825-6503-3E05-56C6-DDD48E863DC1}"
EndProject
Project("{1C4A1FAD-C796-3B7E-C811-8C47DCBB7DE6}") = "Starshooter 1.3 12-30-2014", "Assembly-CSharp-Editor.csproj", "{244180DE-4F78-B029-045E-A8D505BC1EA3}"
EndProject
Project("{1C4A1FAD-C796-3B7E-C811-8C47DCBB7DE6}") = "Starshooter 1.3 12-30-2014", "Assembly-Boo-Editor.booproj", "{7DB8DFC8-EEAF-38B0-C526-E02A32606C12}"
EndProject
Project("{1C4A1FAD-C796-3B7E-C811-8C47DCBB7DE6}") = "Starshooter 1.3 12-30-2014", "Assembly-UnityScript-firstpass.unityproj", "{2B1E972C-2E29-F378-B290-05A3C732AC42}"
EndProject
Project("{1C4A1FAD-C796-3B7E-C811-8C47DCBB7DE6}") = "Starshooter 1.3 12-30-2014", "Assembly-UnityScript-Editor.unityproj", "{56A5A268-C448-8855-A341-A8A01590C33F}"
EndProject
Global
	GlobalSection(SolutionConfigurationPlatforms) = preSolution
		Debug|Any CPU = Debug|Any CPU
		Release|Any CPU = Release|Any CPU
	EndGlobalSection
	GlobalSection(ProjectConfigurationPlatforms) = postSolution
		{71C0AB6C-1DAD-12A9-CCC5-0FCE84E19787}.Debug|Any CPU.ActiveCfg = Debug|Any CPU
		{71C0AB6C-1DAD-12A9-CCC5-0FCE84E19787}.Debug|Any CPU.Build.0 = Debug|Any CPU
		{71C0AB6C-1DAD-12A9-CCC5-0FCE84E19787}.Release|Any CPU.ActiveCfg = Release|Any CPU
		{71C0AB6C-1DAD-12A9-CCC5-0FCE84E19787}.Release|Any CPU.Build.0 = Release|Any CPU
		{87DC3825-6503-3E05-56C6-DDD48E863DC1}.Debug|Any CPU.ActiveCfg = Debug|Any CPU
		{87DC3825-6503-3E05-56C6-DDD48E863DC1}.Debug|Any CPU.Build.0 = Debug|Any CPU
		{87DC3825-6503-3E05-56C6-DDD48E863DC1}.Release|Any CPU.ActiveCfg = Release|Any CPU
		{87DC3825-6503-3E05-56C6-DDD48E863DC1}.Release|Any CPU.Build.0 = Release|Any CPU
		{244180DE-4F78-B029-045E-A8D505BC1EA3}.Debug|Any CPU.ActiveCfg = Debug|Any CPU
		{244180DE-4F78-B029-045E-A8D505BC1EA3}.Debug|Any CPU.Build.0 = Debug|Any CPU
		{244180DE-4F78-B029-045E-A8D505BC1EA3}.Release|Any CPU.ActiveCfg = Release|Any CPU
		{244180DE-4F78-B029-045E-A8D505BC1EA3}.Release|Any CPU.Build.0 = Release|Any CPU
		{7DB8DFC8-EEAF-38B0-C526-E02A32606C12}.Debug|Any CPU.ActiveCfg = Debug|Any CPU
		{7DB8DFC8-EEAF-38B0-C526-E02A32606C12}.Debug|Any CPU.Build.0 = Debug|Any CPU
		{7DB8DFC8-EEAF-38B0-C526-E02A32606C12}.Release|Any CPU.ActiveCfg = Release|Any CPU
		{7DB8DFC8-EEAF-38B0-C526-E02A32606C12}.Release|Any CPU.Build.0 = Release|Any CPU
		{2B1E972C-2E29-F378-B290-05A3C732AC42}.Debug|Any CPU.ActiveCfg = Debug|Any CPU
		{2B1E972C-2E29-F378-B290-05A3C732AC42}.Debug|Any CPU.Build.0 = Debug|Any CPU
		{2B1E972C-2E29-F378-B290-05A3C732AC42}.Release|Any CPU.ActiveCfg = Release|Any CPU
		{2B1E972C-2E29-F378-B290-05A3C732AC42}.Release|Any CPU.Build.0 = Release|Any CPU
		{56A5A268-C448-8855-A341-A8A01590C33F}.Debug|Any CPU.ActiveCfg = Debug|Any CPU
		{56A5A268-C448-8855-A341-A8A01590C33F}.Debug|Any CPU.Build.0 = Debug|Any CPU
		{56A5A268-C448-8855-A341-A8A01590C33F}.Release|Any CPU.ActiveCfg = Release|Any CPU
		{56A5A268-C448-8855-A341-A8A01590C33F}.Release|Any CPU.Build.0 = Release|Any CPU
	EndGlobalSection
	GlobalSection(SolutionProperties) = preSolution
		HideSolutionNode = FALSE
	EndGlobalSection
										GlobalSection(MonoDevelopProperties) = preSolution
		StartupItem = Assembly-CSharp.csproj
		Policies = $0
		$0.TextStylePolicy = $1
		$1.inheritsSet = null
		$1.scope = text/x-csharp
		$0.CSharpFormattingPolicy = $2
		$2.inheritsSet = Mono
		$2.inheritsScope = text/x-csharp
		$2.scope = text/x-csharp
		$0.TextStylePolicy = $3
		$3.FileWidth = 120
		$3.TabWidth = 4
		$3.EolMarker = Unix
		$3.inheritsSet = Mono
		$3.inheritsScope = text/plain
		$3.scope = text/plain
	EndGlobalSection

EndGlobal
